// !$*UTF8*$!
{
	archiveVersion = 1;
	classes = {
	};
	objectVersion = 77;
	objects = {

/* Begin PBXBuildFile section */
		049AFB9B54FB6992DC051058 /* SettingsManager.swift in Sources */ = {isa = PBXBuildFile; fileRef = 4E40EBA612DF700A3B9B0062 /* SettingsManager.swift */; };
		06781CA4557B03DA793473C0 /* SmartPauseSettingsView.swift in Sources */ = {isa = PBXBuildFile; fileRef = 4388A9383A0884FC1A0935B3 /* SmartPauseSettingsView.swift */; };
		06953B8A55EE1AA570A08693 /* MenuBarView.swift in Sources */ = {isa = PBXBuildFile; fileRef = 6F1A3787CEA44C077B5F1DB0 /* MenuBarView.swift */; };
		2383E1F1C599C1A27F57AE7C /* NotificationService.swift in Sources */ = {isa = PBXBuildFile; fileRef = 55CF68826FB1712918A5E8B9 /* NotificationService.swift */; };
		23C2349A93D58A5BF547CD10 /* WindowService.swift in Sources */ = {isa = PBXBuildFile; fileRef = 346E19A36F95178DE8415C30 /* WindowService.swift */; };
		282097CE1067B968B24B00DB /* Assets.xcassets in Resources */ = {isa = PBXBuildFile; fileRef = C6B23028AC8271B3FE023C3C /* Assets.xcassets */; };
		29D3C9D2CFF567F08EB39E15 /* TakeABreakApp.swift in Sources */ = {isa = PBXBuildFile; fileRef = 09AC288349971BD6C2666AD9 /* TakeABreakApp.swift */; };
		360BDBC3652CB7876F7C452A /* GeneralSettingsView.swift in Sources */ = {isa = PBXBuildFile; fileRef = F6BAA851CEABF6D22BC8CE9C /* GeneralSettingsView.swift */; };
		384F45E63DE0834138A87452 /* BreakOverlayView.swift in Sources */ = {isa = PBXBuildFile; fileRef = E1D109CF3CDE6EC781BBC31E /* BreakOverlayView.swift */; };
		386488F01E88454182940E99 /* BreakMessageView.swift in Sources */ = {isa = PBXBuildFile; fileRef = 6D029519C54AE50C60B5FBBD /* BreakMessageView.swift */; };
		3CF7F1B9CEC54FCBA8378C2E /* AppState.swift in Sources */ = {isa = PBXBuildFile; fileRef = 3E0821C2FDD4BE1C6BCC955D /* AppState.swift */; };
		3E440F18DBE3F98FEBFAEAFA /* BreakBackground.swift in Sources */ = {isa = PBXBuildFile; fileRef = 75A7FF047AE45502D0309D9C /* BreakBackground.swift */; };
		5BEE814A737096D101C60416 /* PreBreakNotificationView.swift in Sources */ = {isa = PBXBuildFile; fileRef = BD1CFF3869F2966FBEB9C7FA /* PreBreakNotificationView.swift */; };
		5D5EA597AC9511FEF34C823D /* BreakSound.swift in Sources */ = {isa = PBXBuildFile; fileRef = 9A16769993A1D1919006853E /* BreakSound.swift */; };
		61E1E28D5B10AC3CF44C459F /* TimerViewModel.swift in Sources */ = {isa = PBXBuildFile; fileRef = FDABDD26301854F50B6DDE34 /* TimerViewModel.swift */; };
		721487A25414BE2C689A1B59 /* BreakConfiguration.swift in Sources */ = {isa = PBXBuildFile; fileRef = 6CE6B0D834B94A200AEC54BC /* BreakConfiguration.swift */; };
		8CAA1CE97B94B9AE6C238F30 /* SoundsSettingsView.swift in Sources */ = {isa = PBXBuildFile; fileRef = 3E2CB820C47166BF4033800C /* SoundsSettingsView.swift */; };
		978E7631FF358B258B511B00 /* QuickControlsView.swift in Sources */ = {isa = PBXBuildFile; fileRef = F3094A6A136CBFC2054F6BB5 /* QuickControlsView.swift */; };
		AD84288BA91D82582ABC497B /* AboutSettingsView.swift in Sources */ = {isa = PBXBuildFile; fileRef = 447A7F79A5A265A68C8E44EF /* AboutSettingsView.swift */; };
		B43D6150E93BF7C518000515 /* TimeInterval+Formatting.swift in Sources */ = {isa = PBXBuildFile; fileRef = 9AABD849D29A2C98787A0722 /* TimeInterval+Formatting.swift */; };
		C88970089785C6640BF8DAED /* SettingsView.swift in Sources */ = {isa = PBXBuildFile; fileRef = 6BA32CAAFAF8DA586DA58CDE /* SettingsView.swift */; };
		CB6FDFB85CA6444496865270 /* LaunchAtLoginService.swift in Sources */ = {isa = PBXBuildFile; fileRef = FEFCA48E03F56BD079715D58 /* LaunchAtLoginService.swift */; };
		CEBCA5103AFF8D8103EDF5F7 /* AppearanceSettingsView.swift in Sources */ = {isa = PBXBuildFile; fileRef = 5B0C5327E1EEEC1334AAC658 /* AppearanceSettingsView.swift */; };
		CFA93795D7CB3E0FE7E2557D /* TimerMenuBarLabel.swift in Sources */ = {isa = PBXBuildFile; fileRef = D1DA0B7EF88EE64D6EB3FCB6 /* TimerMenuBarLabel.swift */; };
		CFCF12A482C910719D43B2C5 /* SmartPauseService.swift in Sources */ = {isa = PBXBuildFile; fileRef = 4695AC6B921E641FF095FC9B /* SmartPauseService.swift */; };
		E8CE78042C6E212B0EE69AA2 /* Constants.swift in Sources */ = {isa = PBXBuildFile; fileRef = 9BF7B763305D489B9E55E0CF /* Constants.swift */; };
		EFBC76F662DD3AE3B335CE75 /* SoundService.swift in Sources */ = {isa = PBXBuildFile; fileRef = 0E9E2368BB02A3DAAA13A2A2 /* SoundService.swift */; };
		FF8D47B40AB62AF708B48509 /* BreakCountdownView.swift in Sources */ = {isa = PBXBuildFile; fileRef = E76F02A92E891D7C039C7689 /* BreakCountdownView.swift */; };
/* End PBXBuildFile section */

/* Begin PBXFileReference section */
		09AC288349971BD6C2666AD9 /* TakeABreakApp.swift */ = {isa = PBXFileReference; lastKnownFileType = sourcecode.swift; path = TakeABreakApp.swift; sourceTree = "<group>"; };
		0E9E2368BB02A3DAAA13A2A2 /* SoundService.swift */ = {isa = PBXFileReference; lastKnownFileType = sourcecode.swift; path = SoundService.swift; sourceTree = "<group>"; };
		346E19A36F95178DE8415C30 /* WindowService.swift */ = {isa = PBXFileReference; lastKnownFileType = sourcecode.swift; path = WindowService.swift; sourceTree = "<group>"; };
		3E0821C2FDD4BE1C6BCC955D /* AppState.swift */ = {isa = PBXFileReference; lastKnownFileType = sourcecode.swift; path = AppState.swift; sourceTree = "<group>"; };
		3E2CB820C47166BF4033800C /* SoundsSettingsView.swift */ = {isa = PBXFileReference; lastKnownFileType = sourcecode.swift; path = SoundsSettingsView.swift; sourceTree = "<group>"; };
		4388A9383A0884FC1A0935B3 /* SmartPauseSettingsView.swift */ = {isa = PBXFileReference; lastKnownFileType = sourcecode.swift; path = SmartPauseSettingsView.swift; sourceTree = "<group>"; };
		447A7F79A5A265A68C8E44EF /* AboutSettingsView.swift */ = {isa = PBXFileReference; lastKnownFileType = sourcecode.swift; path = AboutSettingsView.swift; sourceTree = "<group>"; };
		4695AC6B921E641FF095FC9B /* SmartPauseService.swift */ = {isa = PBXFileReference; lastKnownFileType = sourcecode.swift; path = SmartPauseService.swift; sourceTree = "<group>"; };
		4E40EBA612DF700A3B9B0062 /* SettingsManager.swift */ = {isa = PBXFileReference; lastKnownFileType = sourcecode.swift; path = SettingsManager.swift; sourceTree = "<group>"; };
		4F9A5D37D888EB08D3CF2C95 /* TakeABreak.entitlements */ = {isa = PBXFileReference; lastKnownFileType = text.plist.entitlements; path = TakeABreak.entitlements; sourceTree = "<group>"; };
		55CF68826FB1712918A5E8B9 /* NotificationService.swift */ = {isa = PBXFileReference; lastKnownFileType = sourcecode.swift; path = NotificationService.swift; sourceTree = "<group>"; };
		5B0C5327E1EEEC1334AAC658 /* AppearanceSettingsView.swift */ = {isa = PBXFileReference; lastKnownFileType = sourcecode.swift; path = AppearanceSettingsView.swift; sourceTree = "<group>"; };
		6BA32CAAFAF8DA586DA58CDE /* SettingsView.swift */ = {isa = PBXFileReference; lastKnownFileType = sourcecode.swift; path = SettingsView.swift; sourceTree = "<group>"; };
		6CE6B0D834B94A200AEC54BC /* BreakConfiguration.swift */ = {isa = PBXFileReference; lastKnownFileType = sourcecode.swift; path = BreakConfiguration.swift; sourceTree = "<group>"; };
		6D029519C54AE50C60B5FBBD /* BreakMessageView.swift */ = {isa = PBXFileReference; lastKnownFileType = sourcecode.swift; path = BreakMessageView.swift; sourceTree = "<group>"; };
		6F1A3787CEA44C077B5F1DB0 /* MenuBarView.swift */ = {isa = PBXFileReference; lastKnownFileType = sourcecode.swift; path = MenuBarView.swift; sourceTree = "<group>"; };
		75A7FF047AE45502D0309D9C /* BreakBackground.swift */ = {isa = PBXFileReference; lastKnownFileType = sourcecode.swift; path = BreakBackground.swift; sourceTree = "<group>"; };
		9A16769993A1D1919006853E /* BreakSound.swift */ = {isa = PBXFileReference; lastKnownFileType = sourcecode.swift; path = BreakSound.swift; sourceTree = "<group>"; };
		9AABD849D29A2C98787A0722 /* TimeInterval+Formatting.swift */ = {isa = PBXFileReference; lastKnownFileType = sourcecode.swift; path = "TimeInterval+Formatting.swift"; sourceTree = "<group>"; };
		9BF7B763305D489B9E55E0CF /* Constants.swift */ = {isa = PBXFileReference; lastKnownFileType = sourcecode.swift; path = Constants.swift; sourceTree = "<group>"; };
		BD1CFF3869F2966FBEB9C7FA /* PreBreakNotificationView.swift */ = {isa = PBXFileReference; lastKnownFileType = sourcecode.swift; path = PreBreakNotificationView.swift; sourceTree = "<group>"; };
		C6B23028AC8271B3FE023C3C /* Assets.xcassets */ = {isa = PBXFileReference; lastKnownFileType = folder.assetcatalog; path = Assets.xcassets; sourceTree = "<group>"; };
		D1DA0B7EF88EE64D6EB3FCB6 /* TimerMenuBarLabel.swift */ = {isa = PBXFileReference; lastKnownFileType = sourcecode.swift; path = TimerMenuBarLabel.swift; sourceTree = "<group>"; };
		E1D109CF3CDE6EC781BBC31E /* BreakOverlayView.swift */ = {isa = PBXFileReference; lastKnownFileType = sourcecode.swift; path = BreakOverlayView.swift; sourceTree = "<group>"; };
		E734517E2196328C3175693D /* TakeABreak.app */ = {isa = PBXFileReference; explicitFileType = wrapper.application; includeInIndex = 0; path = TakeABreak.app; sourceTree = BUILT_PRODUCTS_DIR; };
		E76F02A92E891D7C039C7689 /* BreakCountdownView.swift */ = {isa = PBXFileReference; lastKnownFileType = sourcecode.swift; path = BreakCountdownView.swift; sourceTree = "<group>"; };
		F3094A6A136CBFC2054F6BB5 /* QuickControlsView.swift */ = {isa = PBXFileReference; lastKnownFileType = sourcecode.swift; path = QuickControlsView.swift; sourceTree = "<group>"; };
		F6BAA851CEABF6D22BC8CE9C /* GeneralSettingsView.swift */ = {isa = PBXFileReference; lastKnownFileType = sourcecode.swift; path = GeneralSettingsView.swift; sourceTree = "<group>"; };
		FDABDD26301854F50B6DDE34 /* TimerViewModel.swift */ = {isa = PBXFileReference; lastKnownFileType = sourcecode.swift; path = TimerViewModel.swift; sourceTree = "<group>"; };
		FEFCA48E03F56BD079715D58 /* LaunchAtLoginService.swift */ = {isa = PBXFileReference; lastKnownFileType = sourcecode.swift; path = LaunchAtLoginService.swift; sourceTree = "<group>"; };
/* End PBXFileReference section */

/* Begin PBXGroup section */
		06103BA6260EC757773B25CA /* Views */ = {
			isa = PBXGroup;
			children = (
				FA12B2199828287C1F43ABF5 /* Break */,
				985AB6F5D811D8DBD91BAB10 /* MenuBar */,
				796AAB0E183646D966476AAA /* Settings */,
			);
			path = Views;
			sourceTree = "<group>";
		};
		297EAEBAB8E7667297C4C2B0 = {
			isa = PBXGroup;
			children = (
				50192308389BBE1A3C10E878 /* TakeABreak */,
				447A5ACEAC5C5396A4134FE2 /* Products */,
			);
			sourceTree = "<group>";
		};
		447A5ACEAC5C5396A4134FE2 /* Products */ = {
			isa = PBXGroup;
			children = (
				E734517E2196328C3175693D /* TakeABreak.app */,
			);
			name = Products;
			sourceTree = "<group>";
		};
		50192308389BBE1A3C10E878 /* TakeABreak */ = {
			isa = PBXGroup;
			children = (
				4F9A5D37D888EB08D3CF2C95 /* TakeABreak.entitlements */,
				09AC288349971BD6C2666AD9 /* TakeABreakApp.swift */,
				6E0496B0164439B3CB3DD3BA /* Models */,
				60205ED34909906E3564AFE3 /* Resources */,
				9EBF50D041D1887E8E20558D /* Services */,
				699C3C78989C40247DBBB777 /* Utilities */,
				CC5A6E20D216A139D6087472 /* ViewModels */,
				06103BA6260EC757773B25CA /* Views */,
			);
			path = TakeABreak;
			sourceTree = "<group>";
		};
		60205ED34909906E3564AFE3 /* Resources */ = {
			isa = PBXGroup;
			children = (
				C6B23028AC8271B3FE023C3C /* Assets.xcassets */,
				C7C7419EA9B7E554091846E5 /* Sounds */,
			);
			path = Resources;
			sourceTree = "<group>";
		};
		699C3C78989C40247DBBB777 /* Utilities */ = {
			isa = PBXGroup;
			children = (
				9BF7B763305D489B9E55E0CF /* Constants.swift */,
				9AABD849D29A2C98787A0722 /* TimeInterval+Formatting.swift */,
			);
			path = Utilities;
			sourceTree = "<group>";
		};
		6E0496B0164439B3CB3DD3BA /* Models */ = {
			isa = PBXGroup;
			children = (
				3E0821C2FDD4BE1C6BCC955D /* AppState.swift */,
				75A7FF047AE45502D0309D9C /* BreakBackground.swift */,
				6CE6B0D834B94A200AEC54BC /* BreakConfiguration.swift */,
				9A16769993A1D1919006853E /* BreakSound.swift */,
			);
			path = Models;
			sourceTree = "<group>";
		};
		796AAB0E183646D966476AAA /* Settings */ = {
			isa = PBXGroup;
			children = (
				447A7F79A5A265A68C8E44EF /* AboutSettingsView.swift */,
				5B0C5327E1EEEC1334AAC658 /* AppearanceSettingsView.swift */,
				F6BAA851CEABF6D22BC8CE9C /* GeneralSettingsView.swift */,
				6BA32CAAFAF8DA586DA58CDE /* SettingsView.swift */,
				4388A9383A0884FC1A0935B3 /* SmartPauseSettingsView.swift */,
				3E2CB820C47166BF4033800C /* SoundsSettingsView.swift */,
			);
			path = Settings;
			sourceTree = "<group>";
		};
		985AB6F5D811D8DBD91BAB10 /* MenuBar */ = {
			isa = PBXGroup;
			children = (
				6F1A3787CEA44C077B5F1DB0 /* MenuBarView.swift */,
				F3094A6A136CBFC2054F6BB5 /* QuickControlsView.swift */,
				D1DA0B7EF88EE64D6EB3FCB6 /* TimerMenuBarLabel.swift */,
			);
			path = MenuBar;
			sourceTree = "<group>";
		};
		9EBF50D041D1887E8E20558D /* Services */ = {
			isa = PBXGroup;
			children = (
				FEFCA48E03F56BD079715D58 /* LaunchAtLoginService.swift */,
				55CF68826FB1712918A5E8B9 /* NotificationService.swift */,
				4695AC6B921E641FF095FC9B /* SmartPauseService.swift */,
				0E9E2368BB02A3DAAA13A2A2 /* SoundService.swift */,
				346E19A36F95178DE8415C30 /* WindowService.swift */,
			);
			path = Services;
			sourceTree = "<group>";
		};
		C7C7419EA9B7E554091846E5 /* Sounds */ = {
			isa = PBXGroup;
			children = (
			);
			path = Sounds;
			sourceTree = "<group>";
		};
		CC5A6E20D216A139D6087472 /* ViewModels */ = {
			isa = PBXGroup;
			children = (
				4E40EBA612DF700A3B9B0062 /* SettingsManager.swift */,
				FDABDD26301854F50B6DDE34 /* TimerViewModel.swift */,
			);
			path = ViewModels;
			sourceTree = "<group>";
		};
		FA12B2199828287C1F43ABF5 /* Break */ = {
			isa = PBXGroup;
			children = (
				E76F02A92E891D7C039C7689 /* BreakCountdownView.swift */,
				6D029519C54AE50C60B5FBBD /* BreakMessageView.swift */,
				E1D109CF3CDE6EC781BBC31E /* BreakOverlayView.swift */,
				BD1CFF3869F2966FBEB9C7FA /* PreBreakNotificationView.swift */,
			);
			path = Break;
			sourceTree = "<group>";
		};
/* End PBXGroup section */

/* Begin PBXNativeTarget section */
		A977BBF5FFF382891E64D16A /* TakeABreak */ = {
			isa = PBXNativeTarget;
			buildConfigurationList = E049F1A1038BCF2DF7528357 /* Build configuration list for PBXNativeTarget "TakeABreak" */;
			buildPhases = (
				AE45FA1205837CE749AA8189 /* Sources */,
				1F68FE6DA529519673E2DE67 /* Resources */,
			);
			buildRules = (
			);
			dependencies = (
			);
			name = TakeABreak;
			packageProductDependencies = (
			);
			productName = TakeABreak;
			productReference = E734517E2196328C3175693D /* TakeABreak.app */;
			productType = "com.apple.product-type.application";
		};
/* End PBXNativeTarget section */

/* Begin PBXProject section */
		EEF9CFC91A6AF4C553C2ED2C /* Project object */ = {
			isa = PBXProject;
			attributes = {
				BuildIndependentTargetsInParallel = YES;
				LastUpgradeCheck = 1430;
			};
			buildConfigurationList = C66CE424D5A1A1FFA211925C /* Build configuration list for PBXProject "TakeABreak" */;
			compatibilityVersion = "Xcode 14.0";
			developmentRegion = en;
			hasScannedForEncodings = 0;
			knownRegions = (
				Base,
				en,
			);
			mainGroup = 297EAEBAB8E7667297C4C2B0;
			minimizedProjectReferenceProxies = 1;
			preferredProjectObjectVersion = 77;
			projectDirPath = "";
			projectRoot = "";
			targets = (
				A977BBF5FFF382891E64D16A /* TakeABreak */,
			);
		};
/* End PBXProject section */

/* Begin PBXResourcesBuildPhase section */
		1F68FE6DA529519673E2DE67 /* Resources */ = {
			isa = PBXResourcesBuildPhase;
			buildActionMask = 2147483647;
			files = (
				282097CE1067B968B24B00DB /* Assets.xcassets in Resources */,
			);
			runOnlyForDeploymentPostprocessing = 0;
		};
/* End PBXResourcesBuildPhase section */

/* Begin PBXSourcesBuildPhase section */
		AE45FA1205837CE749AA8189 /* Sources */ = {
			isa = PBXSourcesBuildPhase;
			buildActionMask = 2147483647;
			files = (
				AD84288BA91D82582ABC497B /* AboutSettingsView.swift in Sources */,
				3CF7F1B9CEC54FCBA8378C2E /* AppState.swift in Sources */,
				CEBCA5103AFF8D8103EDF5F7 /* AppearanceSettingsView.swift in Sources */,
				3E440F18DBE3F98FEBFAEAFA /* BreakBackground.swift in Sources */,
				721487A25414BE2C689A1B59 /* BreakConfiguration.swift in Sources */,
				FF8D47B40AB62AF708B48509 /* BreakCountdownView.swift in Sources */,
				386488F01E88454182940E99 /* BreakMessageView.swift in Sources */,
				384F45E63DE0834138A87452 /* BreakOverlayView.swift in Sources */,
				5D5EA597AC9511FEF34C823D /* BreakSound.swift in Sources */,
				E8CE78042C6E212B0EE69AA2 /* Constants.swift in Sources */,
				360BDBC3652CB7876F7C452A /* GeneralSettingsView.swift in Sources */,
				CB6FDFB85CA6444496865270 /* LaunchAtLoginService.swift in Sources */,
				06953B8A55EE1AA570A08693 /* MenuBarView.swift in Sources */,
				2383E1F1C599C1A27F57AE7C /* NotificationService.swift in Sources */,
				5BEE814A737096D101C60416 /* PreBreakNotificationView.swift in Sources */,
				978E7631FF358B258B511B00 /* QuickControlsView.swift in Sources */,
				049AFB9B54FB6992DC051058 /* SettingsManager.swift in Sources */,
				C88970089785C6640BF8DAED /* SettingsView.swift in Sources */,
				CFCF12A482C910719D43B2C5 /* SmartPauseService.swift in Sources */,
				06781CA4557B03DA793473C0 /* SmartPauseSettingsView.swift in Sources */,
				EFBC76F662DD3AE3B335CE75 /* SoundService.swift in Sources */,
				8CAA1CE97B94B9AE6C238F30 /* SoundsSettingsView.swift in Sources */,
				29D3C9D2CFF567F08EB39E15 /* TakeABreakApp.swift in Sources */,
				B43D6150E93BF7C518000515 /* TimeInterval+Formatting.swift in Sources */,
				CFA93795D7CB3E0FE7E2557D /* TimerMenuBarLabel.swift in Sources */,
				61E1E28D5B10AC3CF44C459F /* TimerViewModel.swift in Sources */,
				23C2349A93D58A5BF547CD10 /* WindowService.swift in Sources */,
			);
			runOnlyForDeploymentPostprocessing = 0;
		};
/* End PBXSourcesBuildPhase section */

/* Begin XCBuildConfiguration section */
		38500055A0208560B7726C0B /* Debug */ = {
			isa = XCBuildConfiguration;
			buildSettings = {
				ASSETCATALOG_COMPILER_APPICON_NAME = AppIcon;
				CODE_SIGN_ENTITLEMENTS = TakeABreak/TakeABreak.entitlements;
				CODE_SIGN_IDENTITY = "-";
				COMBINE_HIDPI_IMAGES = YES;
				CURRENT_PROJECT_VERSION = 1;
				ENABLE_HARDENED_RUNTIME = YES;
				INFOPLIST_FILE = TakeABreak/Info.plist;
				LD_RUNPATH_SEARCH_PATHS = (
					"$(inherited)",
					"@executable_path/../Frameworks",
				);
				MACOSX_DEPLOYMENT_TARGET = 14.0;
				MARKETING_VERSION = 1.0.0;
				PRODUCT_BUNDLE_IDENTIFIER = com.sudeshdas.TakeABreak;
				SDKROOT = macosx;
				SWIFT_VERSION = 5.9;
			};
			name = Debug;
		};
		C1BCFCB5F3509A800DE872CE /* Release */ = {
			isa = XCBuildConfiguration;
			buildSettings = {
				ASSETCATALOG_COMPILER_APPICON_NAME = AppIcon;
				CODE_SIGN_ENTITLEMENTS = TakeABreak/TakeABreak.entitlements;
				CODE_SIGN_IDENTITY = "-";
				COMBINE_HIDPI_IMAGES = YES;
				CURRENT_PROJECT_VERSION = 1;
				ENABLE_HARDENED_RUNTIME = YES;
				INFOPLIST_FILE = TakeABreak/Info.plist;
				LD_RUNPATH_SEARCH_PATHS = (
					"$(inherited)",
					"@executable_path/../Frameworks",
				);
				MACOSX_DEPLOYMENT_TARGET = 14.0;
				MARKETING_VERSION = 1.0.0;
				PRODUCT_BUNDLE_IDENTIFIER = com.sudeshdas.TakeABreak;
				SDKROOT = macosx;
				SWIFT_VERSION = 5.9;
			};
			name = Release;
		};
		FD83F1B027FEA9B5C2B2DB81 /* Release */ = {
			isa = XCBuildConfiguration;
			buildSettings = {
				ALWAYS_SEARCH_USER_PATHS = NO;
				CLANG_ANALYZER_NONNULL = YES;
				CLANG_ANALYZER_NUMBER_OBJECT_CONVERSION = YES_AGGRESSIVE;
				CLANG_CXX_LANGUAGE_STANDARD = "gnu++14";
				CLANG_CXX_LIBRARY = "libc++";
				CLANG_ENABLE_MODULES = YES;
				CLANG_ENABLE_OBJC_ARC = YES;
				CLANG_ENABLE_OBJC_WEAK = YES;
				CLANG_WARN_BLOCK_CAPTURE_AUTORELEASING = YES;
				CLANG_WARN_BOOL_CONVERSION = YES;
				CLANG_WARN_COMMA = YES;
				CLANG_WARN_CONSTANT_CONVERSION = YES;
				CLANG_WARN_DEPRECATED_OBJC_IMPLEMENTATIONS = YES;
				CLANG_WARN_DIRECT_OBJC_ISA_USAGE = YES_ERROR;
				CLANG_WARN_DOCUMENTATION_COMMENTS = YES;
				CLANG_WARN_EMPTY_BODY = YES;
				CLANG_WARN_ENUM_CONVERSION = YES;
				CLANG_WARN_INFINITE_RECURSION = YES;
				CLANG_WARN_INT_CONVERSION = YES;
				CLANG_WARN_NON_LITERAL_NULL_CONVERSION = YES;
				CLANG_WARN_OBJC_IMPLICIT_RETAIN_SELF = YES;
				CLANG_WARN_OBJC_LITERAL_CONVERSION = YES;
				CLANG_WARN_OBJC_ROOT_CLASS = YES_ERROR;
				CLANG_WARN_QUOTED_INCLUDE_IN_FRAMEWORK_HEADER = YES;
				CLANG_WARN_RANGE_LOOP_ANALYSIS = YES;
				CLANG_WARN_STRICT_PROTOTYPES = YES;
				CLANG_WARN_SUSPICIOUS_MOVE = YES;
				CLANG_WARN_UNGUARDED_AVAILABILITY = YES_AGGRESSIVE;
				CLANG_WARN_UNREACHABLE_CODE = YES;
				CLANG_WARN__DUPLICATE_METHOD_MATCH = YES;
				COPY_PHASE_STRIP = NO;
				DEBUG_INFORMATION_FORMAT = "dwarf-with-dsym";
				ENABLE_NS_ASSERTIONS = NO;
				ENABLE_STRICT_OBJC_MSGSEND = YES;
				GCC_C_LANGUAGE_STANDARD = gnu11;
				GCC_NO_COMMON_BLOCKS = YES;
				GCC_WARN_64_TO_32_BIT_CONVERSION = YES;
				GCC_WARN_ABOUT_RETURN_TYPE = YES_ERROR;
				GCC_WARN_UNDECLARED_SELECTOR = YES;
				GCC_WARN_UNINITIALIZED_AUTOS = YES_AGGRESSIVE;
				GCC_WARN_UNUSED_FUNCTION = YES;
				GCC_WARN_UNUSED_VARIABLE = YES;
				MACOSX_DEPLOYMENT_TARGET = 14.0;
				MTL_ENABLE_DEBUG_INFO = NO;
				MTL_FAST_MATH = YES;
				PRODUCT_NAME = "$(TARGET_NAME)";
				SDKROOT = macosx;
				SWIFT_COMPILATION_MODE = wholemodule;
				SWIFT_OPTIMIZATION_LEVEL = "-O";
				SWIFT_VERSION = 5.0;
			};
			name = Release;
		};
		FEB849F7A47DE43E163D354C /* Debug */ = {
			isa = XCBuildConfiguration;
			buildSettings = {
				ALWAYS_SEARCH_USER_PATHS = NO;
				CLANG_ANALYZER_NONNULL = YES;
				CLANG_ANALYZER_NUMBER_OBJECT_CONVERSION = YES_AGGRESSIVE;
				CLANG_CXX_LANGUAGE_STANDARD = "gnu++14";
				CLANG_CXX_LIBRARY = "libc++";
				CLANG_ENABLE_MODULES = YES;
				CLANG_ENABLE_OBJC_ARC = YES;
				CLANG_ENABLE_OBJC_WEAK = YES;
				CLANG_WARN_BLOCK_CAPTURE_AUTORELEASING = YES;
				CLANG_WARN_BOOL_CONVERSION = YES;
				CLANG_WARN_COMMA = YES;
				CLANG_WARN_CONSTANT_CONVERSION = YES;
				CLANG_WARN_DEPRECATED_OBJC_IMPLEMENTATIONS = YES;
				CLANG_WARN_DIRECT_OBJC_ISA_USAGE = YES_ERROR;
				CLANG_WARN_DOCUMENTATION_COMMENTS = YES;
				CLANG_WARN_EMPTY_BODY = YES;
				CLANG_WARN_ENUM_CONVERSION = YES;
				CLANG_WARN_INFINITE_RECURSION = YES;
				CLANG_WARN_INT_CONVERSION = YES;
				CLANG_WARN_NON_LITERAL_NULL_CONVERSION = YES;
				CLANG_WARN_OBJC_IMPLICIT_RETAIN_SELF = YES;
				CLANG_WARN_OBJC_LITERAL_CONVERSION = YES;
				CLANG_WARN_OBJC_ROOT_CLASS = YES_ERROR;
				CLANG_WARN_QUOTED_INCLUDE_IN_FRAMEWORK_HEADER = YES;
				CLANG_WARN_RANGE_LOOP_ANALYSIS = YES;
				CLANG_WARN_STRICT_PROTOTYPES = YES;
				CLANG_WARN_SUSPICIOUS_MOVE = YES;
				CLANG_WARN_UNGUARDED_AVAILABILITY = YES_AGGRESSIVE;
				CLANG_WARN_UNREACHABLE_CODE = YES;
				CLANG_WARN__DUPLICATE_METHOD_MATCH = YES;
				COPY_PHASE_STRIP = NO;
				DEBUG_INFORMATION_FORMAT = dwarf;
				ENABLE_STRICT_OBJC_MSGSEND = YES;
				ENABLE_TESTABILITY = YES;
				GCC_C_LANGUAGE_STANDARD = gnu11;
				GCC_DYNAMIC_NO_PIC = NO;
				GCC_NO_COMMON_BLOCKS = YES;
				GCC_OPTIMIZATION_LEVEL = 0;
				GCC_PREPROCESSOR_DEFINITIONS = (
					"$(inherited)",
					"DEBUG=1",
				);
				GCC_WARN_64_TO_32_BIT_CONVERSION = YES;
				GCC_WARN_ABOUT_RETURN_TYPE = YES_ERROR;
				GCC_WARN_UNDECLARED_SELECTOR = YES;
				GCC_WARN_UNINITIALIZED_AUTOS = YES_AGGRESSIVE;
				GCC_WARN_UNUSED_FUNCTION = YES;
				GCC_WARN_UNUSED_VARIABLE = YES;
				MACOSX_DEPLOYMENT_TARGET = 14.0;
				MTL_ENABLE_DEBUG_INFO = INCLUDE_SOURCE;
				MTL_FAST_MATH = YES;
				ONLY_ACTIVE_ARCH = YES;
				PRODUCT_NAME = "$(TARGET_NAME)";
				SDKROOT = macosx;
				SWIFT_ACTIVE_COMPILATION_CONDITIONS = DEBUG;
				SWIFT_OPTIMIZATION_LEVEL = "-Onone";
				SWIFT_VERSION = 5.0;
			};
			name = Debug;
		};
/* End XCBuildConfiguration section */

/* Begin XCConfigurationList section */
		C66CE424D5A1A1FFA211925C /* Build configuration list for PBXProject "TakeABreak" */ = {
			isa = XCConfigurationList;
			buildConfigurations = (
				FEB849F7A47DE43E163D354C /* Debug */,
				FD83F1B027FEA9B5C2B2DB81 /* Release */,
			);
			defaultConfigurationIsVisible = 0;
			defaultConfigurationName = Debug;
		};
		E049F1A1038BCF2DF7528357 /* Build configuration list for PBXNativeTarget "TakeABreak" */ = {
			isa = XCConfigurationList;
			buildConfigurations = (
				38500055A0208560B7726C0B /* Debug */,
				C1BCFCB5F3509A800DE872CE /* Release */,
			);
			defaultConfigurationIsVisible = 0;
			defaultConfigurationName = Debug;
		};
/* End XCConfigurationList section */
	};
	rootObject = EEF9CFC91A6AF4C553C2ED2C /* Project object */;
}
